<?xml version="1.0" encoding="utf-8"?>
<Project ToolsVersion="4.0" xmlns="http://schemas.microsoft.com/developer/msbuild/2003">
  <ItemGroup>
    <Filter Include="Source Files">
      <UniqueIdentifier>{4FC737F1-C7A5-4376-A066-2A32D752A2FF}</UniqueIdentifier>
      <Extensions>cpp;c;cc;cxx;c++;cppm;ixx;def;odl;idl;hpj;bat;asm;asmx</Extensions>
    </Filter>
    <Filter Include="Header Files">
      <UniqueIdentifier>{93995380-89BD-4b04-88EB-625FBE52EBFB}</UniqueIdentifier>
      <Extensions>h;hh;hpp;hxx;h++;hm;inl;inc;ipp;xsd</Extensions>
    </Filter>
    <Filter Include="Resource Files">
      <UniqueIdentifier>{67DA6AB6-F800-4c08-8B7A-83BB121AAD01}</UniqueIdentifier>
      <Extensions>rc;ico;cur;bmp;dlg;rc2;rct;bin;rgs;gif;jpg;jpeg;jpe;resx;tiff;tif;png;wav;mfcribbon-ms</Extensions>
    </Filter>
  </ItemGroup>
  <ItemGroup>
    <ClCompile Include="main.cpp">
      <Filter>Source Files</Filter>
    </ClCompile>
    <ClCompile Include="handlers\overlay\overlay.cpp">
      <Filter>Source Files</Filter>
    </ClCompile>
    <ClCompile Include="addons\imgui\imgui.cpp">
      <Filter>Source Files</Filter>
    </ClCompile>
    <ClCompile Include="addons\imgui\imgui_demo.cpp">
      <Filter>Source Files</Filter>
    </ClCompile>
    <ClCompile Include="addons\imgui\imgui_draw.cpp">
      <Filter>Source Files</Filter>
    </ClCompile>
    <ClCompile Include="addons\imgui\imgui_impl_dx11.cpp">
      <Filter>Source Files</Filter>
    </ClCompile>
    <ClCompile Include="addons\imgui\imgui_impl_win32.cpp">
      <Filter>Source Files</Filter>
    </ClCompile>
    <ClCompile Include="addons\imgui\imgui_tables.cpp">
      <Filter>Source Files</Filter>
    </ClCompile>
    <ClCompile Include="addons\imgui\imgui_widgets.cpp">
      <Filter>Source Files</Filter>
    </ClCompile>
    <ClCompile Include="game\features\example_esp\esp.cpp">
      <Filter>Source Files</Filter>
    </ClCompile>
    <ClCompile Include="game\core.cpp">
      <Filter>Source Files</Filter>
    </ClCompile>
    <ClCompile Include="handlers\overlay\draw.cpp">
      <Filter>Source Files</Filter>
    </ClCompile>
    <ClCompile Include="handlers\menu\menu.cpp">
      <Filter>Source Files</Filter>
    </ClCompile>
    <ClCompile Include="game\features\handler.cpp">
      <Filter>Source Files</Filter>
    </ClCompile>
    <ClCompile Include="game\rescan\rescan.cpp">
      <Filter>Source Files</Filter>
    </ClCompile>
    <ClCompile Include="handlers\utility\utility.cpp">
      <Filter>Source Files</Filter>
    </ClCompile>
    <ClCompile Include="game\features\speed_hack\speed.cpp">
      <Filter>Source Files</Filter>
    </ClCompile>
    <ClCompile Include="game\features\freecam\freecam.cpp">
      <Filter>Source Files</Filter>
    </ClCompile>
    <ClCompile Include="handlers\config\config.cpp">
      <Filter>Source Files</Filter>
    </ClCompile>
    <ClCompile Include="handlers\misc\misc.cpp">
      <Filter>Source Files</Filter>
    </ClCompile>
    <ClCompile Include="handlers\workspaceviewer\workspaceviewer.cpp">
      <Filter>Source Files</Filter>
    </ClCompile>
    <ClCompile Include="game\features\noclip\noclip.cpp">
      <Filter>Source Files</Filter>
    </ClCompile>
    <ClCompile Include="game\instance.cpp">
      <Filter>Source Files</Filter>
    </ClCompile>
    <ClCompile Include="game\features\jump_power\jump_power.cpp">
      <Filter>Source Files</Filter>
    </ClCompile>
    <ClCompile Include="game\features\player_info\player_info.cpp">
      <Filter>Source Files</Filter>
    </ClCompile>
    <ClCompile Include="addons\kernel\memory.cpp">
      <Filter>Source Files</Filter>
    </ClCompile>
    <ClCompile Include="game\features\fly\fly.cpp">
      <Filter>Source Files</Filter>
    </ClCompile>
    <ClCompile Include="game\features\infinite_jump\infinite_jump.cpp">
      <Filter>Source Files</Filter>
    </ClCompile>
    <ClCompile Include="handlers\themes\theme.cpp">
      <Filter>Source Files</Filter>
    </ClCompile>
    <ClCompile Include="game\features\airswim\airswim.cpp">
      <Filter>Source Files</Filter>
    </ClCompile>
    <ClCompile Include="game\features\desync\desync.cpp">
      <Filter>Source Files</Filter>
    </ClCompile>
    <ClCompile Include="game\features\desync\desync_worker.cpp">
      <Filter>Source Files</Filter>
    </ClCompile>
  </ItemGroup>
  <ItemGroup>
    <ClInclude Include="main.hpp">
      <Filter>Header Files</Filter>
    </ClInclude>
    <ClInclude Include="handlers\overlay\overlay.hpp">
      <Filter>Header Files</Filter>
    </ClInclude>
    <ClInclude Include="addons\imgui\imconfig.h">
      <Filter>Header Files</Filter>
    </ClInclude>
    <ClInclude Include="addons\imgui\imgui.h">
      <Filter>Header Files</Filter>
    </ClInclude>
    <ClInclude Include="addons\imgui\imgui_impl_dx11.h">
      <Filter>Header Files</Filter>
    </ClInclude>
    <ClInclude Include="addons\imgui\imgui_impl_win32.h">
      <Filter>Header Files</Filter>
    </ClInclude>
    <ClInclude Include="addons\imgui\imgui_internal.h">
      <Filter>Header Files</Filter>
    </ClInclude>
    <ClInclude Include="addons\imgui\imstb_rectpack.h">
      <Filter>Header Files</Filter>
    </ClInclude>
    <ClInclude Include="addons\imgui\imstb_textedit.h">
      <Filter>Header Files</Filter>
    </ClInclude>
    <ClInclude Include="addons\imgui\imstb_truetype.h">
      <Filter>Header Files</Filter>
    </ClInclude>
    <ClInclude Include="game\features\example_esp\esp.hpp">
      <Filter>Header Files</Filter>
    </ClInclude>
    <ClInclude Include="game\core.hpp">
      <Filter>Header Files</Filter>
    </ClInclude>
    <ClInclude Include="handlers\overlay\draw.hpp">
      <Filter>Header Files</Filter>
    </ClInclude>
    <ClInclude Include="handlers\menu\menu.hpp">
      <Filter>Header Files</Filter>
    </ClInclude>
    <ClInclude Include="game\offsets\offsets.hpp">
      <Filter>Header Files</Filter>
    </ClInclude>
    <ClInclude Include="game\features\handler.hpp">
      <Filter>Header Files</Filter>
    </ClInclude>
    <ClInclude Include="handlers\vars.hpp">
      <Filter>Header Files</Filter>
    </ClInclude>
    <ClInclude Include="game\rescan\rescan.hpp">
      <Filter>Header Files</Filter>
    </ClInclude>
    <ClInclude Include="handlers\utility\utility.hpp">
      <Filter>Header Files</Filter>
    </ClInclude>
    <ClInclude Include="game\features\speed_hack\speed.hpp">
      <Filter>Header Files</Filter>
    </ClInclude>
    <ClInclude Include="game\features\freecam\freecam.hpp">
      <Filter>Header Files</Filter>
    </ClInclude>
    <ClInclude Include="game\features\freecam\spring.hpp">
      <Filter>Header Files</Filter>
    </ClInclude>
    <ClInclude Include="handlers\config\config.hpp">
      <Filter>Header Files</Filter>
    </ClInclude>
    <ClInclude Include="handlers\misc\misc.hpp">
      <Filter>Header Files</Filter>
    </ClInclude>
    <ClInclude Include="handlers\workspaceviewer\workspaceviewer.hpp">
      <Filter>Header Files</Filter>
    </ClInclude>
    <ClInclude Include="game\features\noclip\noclip.hpp">
      <Filter>Header Files</Filter>
    </ClInclude>
    <ClInclude Include="game\instance.hpp">
      <Filter>Header Files</Filter>
    </ClInclude>
    <ClInclude Include="game\features\jump_power\jump_power.hpp">
      <Filter>Header Files</Filter>
    </ClInclude>
    <ClInclude Include="game\features\player_info\player_info.hpp">
      <Filter>Header Files</Filter>
    </ClInclude>
    <ClInclude Include="addons\kernel\memory.hpp">
      <Filter>Header Files</Filter>
    </ClInclude>
    <ClInclude Include="game\features\fly\fly.hpp">
      <Filter>Header Files</Filter>
    </ClInclude>
    <ClInclude Include="game\features\infinite_jump\infinite_jump.hpp">
      <Filter>Header Files</Filter>
    </ClInclude>
    <ClInclude Include="handlers\themes\theme.hpp">
      <Filter>Header Files</Filter>
    </ClInclude>
    <ClInclude Include="game\features\airswim\airswim.hpp">
      <Filter>Header Files</Filter>
    </ClInclude>
    <ClInclude Include="math.hpp">
      <Filter>Header Files</Filter>
    </ClInclude>
    <ClInclude Include="Tphandler.hpp">
      <Filter>Header Files</Filter>
    </ClInclude>
    <ClInclude Include="game\features\desync\desync.hpp">
      <Filter>Header Files</Filter>
    </ClInclude>
    <ClInclude Include="game\features\desync\desync_worker.hpp">
      <Filter>Header Files</Filter>
    </ClInclude>
    <ClInclude Include="zstd\zdict.h">
      <Filter>Header Files</Filter>
    </ClInclude>
    <ClInclude Include="zstd\zstd.h">
      <Filter>Header Files</Filter>
    </ClInclude>
    <ClInclude Include="zstd\zstd_errors.h">
      <Filter>Header Files</Filter>
    </ClInclude>
    <ClInclude Include="zstd\decompress\zstd_ddict.h">
      <Filter>Header Files</Filter>
    </ClInclude>
    <ClInclude Include="zstd\decompress\zstd_decompress_block.h">
      <Filter>Header Files</Filter>
    </ClInclude>
    <ClInclude Include="zstd\decompress\zstd_decompress_internal.h">
      <Filter>Header Files</Filter>
    </ClInclude>
    <ClInclude Include="zstd\compress\clevels.h">
      <Filter>Header Files</Filter>
    </ClInclude>
    <ClInclude Include="zstd\compress\hist.h">
      <Filter>Header Files</Filter>
    </ClInclude>
    <ClInclude Include="zstd\compress\zstd_compress_internal.h">
      <Filter>Header Files</Filter>
    </ClInclude>
    <ClInclude Include="zstd\compress\zstd_compress_literals.h">
      <Filter>Header Files</Filter>
    </ClInclude>
    <ClInclude Include="zstd\compress\zstd_compress_sequences.h">
      <Filter>Header Files</Filter>
    </ClInclude>
    <ClInclude Include="zstd\compress\zstd_compress_superblock.h">
      <Filter>Header Files</Filter>
    </ClInclude>
    <ClInclude Include="zstd\compress\zstd_cwksp.h">
      <Filter>Header Files</Filter>
    </ClInclude>
    <ClInclude Include="zstd\compress\zstd_double_fast.h">
      <Filter>Header Files</Filter>
    </ClInclude>
    <ClInclude Include="zstd\compress\zstd_fast.h">
      <Filter>Header Files</Filter>
    </ClInclude>
    <ClInclude Include="zstd\compress\zstd_lazy.h">
      <Filter>Header Files</Filter>
    </ClInclude>
    <ClInclude Include="zstd\compress\zstd_ldm.h">
      <Filter>Header Files</Filter>
    </ClInclude>
    <ClInclude Include="zstd\compress\zstd_ldm_geartab.h">
      <Filter>Header Files</Filter>
    </ClInclude>
    <ClInclude Include="zstd\compress\zstd_opt.h">
      <Filter>Header Files</Filter>
    </ClInclude>
    <ClInclude Include="zstd\compress\zstd_preSplit.h">
      <Filter>Header Files</Filter>
    </ClInclude>
    <ClInclude Include="zstd\compress\zstdmt_compress.h">
      <Filter>Header Files</Filter>
    </ClInclude>
    <ClInclude Include="zstd\common\allocations.h">
      <Filter>Header Files</Filter>
    </ClInclude>
    <ClInclude Include="zstd\common\bits.h">
      <Filter>Header Files</Filter>
    </ClInclude>
    <ClInclude Include="zstd\common\bitstream.h">
      <Filter>Header Files</Filter>
    </ClInclude>
    <ClInclude Include="zstd\common\compiler.h">
      <Filter>Header Files</Filter>
    </ClInclude>
    <ClInclude Include="zstd\common\cpu.h">
      <Filter>Header Files</Filter>
    </ClInclude>
    <ClInclude Include="zstd\common\debug.h">
      <Filter>Header Files</Filter>
    </ClInclude>
    <ClInclude Include="zstd\common\error_private.h">
      <Filter>Header Files</Filter>
    </ClInclude>
    <ClInclude Include="zstd\common\fse.h">
      <Filter>Header Files</Filter>
    </ClInclude>
    <ClInclude Include="zstd\common\huf.h">
      <Filter>Header Files</Filter>
    </ClInclude>
    <ClInclude Include="zstd\common\mem.h">
      <Filter>Header Files</Filter>
    </ClInclude>
    <ClInclude Include="zstd\common\pool.h">
      <Filter>Header Files</Filter>
    </ClInclude>
    <ClInclude Include="zstd\common\portability_macros.h">
      <Filter>Header Files</Filter>
    </ClInclude>
    <ClInclude Include="zstd\common\threading.h">
      <Filter>Header Files</Filter>
    </ClInclude>
    <ClInclude Include="zstd\common\xxhash.h">
      <Filter>Header Files</Filter>
    </ClInclude>
    <ClInclude Include="zstd\common\zstd_deps.h">
      <Filter>Header Files</Filter>
    </ClInclude>
    <ClInclude Include="zstd\common\zstd_internal.h">
      <Filter>Header Files</Filter>
    </ClInclude>
    <ClInclude Include="zstd\common\zstd_trace.h">
      <Filter>Header Files</Filter>
    </ClInclude>
  </ItemGroup>
</Project>